
Microsoft Visual Studio Solution File, Format Version 12.00
# Visual Studio Version 16
VisualStudioVersion = 25.0.1706.11
MinimumVisualStudioVersion = 10.0.40219.1
Project("{FAE04EC0-301F-11D3-BF4B-00C04F79EFBC}") = "TopupProject", "TopupProject\TopupProject.csproj", "{76E76CBA-8481-478C-B327-3DFAB3F155AE}"
EndProject
Project("{E53339B2-1760-4266-BCC7-CA923CBCF16C}") = "docker-compose", "docker-compose.dcproj", "{49B77F17-C462-43B8-B400-99EABC90DEA7}"
EndProject
Project("{FAE04EC0-301F-11D3-BF4B-00C04F79EFBC}") = "BalanceProject", "BalanceProject\BalanceProject.csproj", "{1C6D436B-D39D-44E7-82E9-CD8DE5116550}"
EndProject
Global
	GlobalSection(SolutionConfigurationPlatforms) = preSolution
		Debug|Any CPU = Debug|Any CPU
		Release|Any CPU = Release|Any CPU
	EndGlobalSection
	GlobalSection(ProjectConfigurationPlatforms) = postSolution
		{76E76CBA-8481-478C-B327-3DFAB3F155AE}.Debug|Any CPU.ActiveCfg = Debug|Any CPU
		{76E76CBA-8481-478C-B327-3DFAB3F155AE}.Debug|Any CPU.Build.0 = Debug|Any CPU
		{76E76CBA-8481-478C-B327-3DFAB3F155AE}.Release|Any CPU.ActiveCfg = Release|Any CPU
		{76E76CBA-8481-478C-B327-3DFAB3F155AE}.Release|Any CPU.Build.0 = Release|Any CPU
		{49B77F17-C462-43B8-B400-99EABC90DEA7}.Debug|Any CPU.ActiveCfg = Debug|Any CPU
		{49B77F17-C462-43B8-B400-99EABC90DEA7}.Debug|Any CPU.Build.0 = Debug|Any CPU
		{49B77F17-C462-43B8-B400-99EABC90DEA7}.Release|Any CPU.ActiveCfg = Release|Any CPU
		{49B77F17-C462-43B8-B400-99EABC90DEA7}.Release|Any CPU.Build.0 = Release|Any CPU
		{1C6D436B-D39D-44E7-82E9-CD8DE5116550}.Debug|Any CPU.ActiveCfg = Debug|Any CPU
		{1C6D436B-D39D-44E7-82E9-CD8DE5116550}.Debug|Any CPU.Build.0 = Debug|Any CPU
		{1C6D436B-D39D-44E7-82E9-CD8DE5116550}.Release|Any CPU.ActiveCfg = Release|Any CPU
		{1C6D436B-D39D-44E7-82E9-CD8DE5116550}.Release|Any CPU.Build.0 = Release|Any CPU
	EndGlobalSection
	GlobalSection(SolutionProperties) = preSolution
		HideSolutionNode = FALSE
	EndGlobalSection
	GlobalSection(ExtensibilityGlobals) = postSolution
		SolutionGuid = {6C1C3F41-3083-4256-8A16-DA93D3A447C2}
	EndGlobalSection
EndGlobal
